Microsoft Visual Studio Solution File, Format Version 12.00
# Visual Studio 2012
Project("{FAE04EC0-301F-11D3-BF4B-00C04F79EFBC}") = "AshfallDescent-2", "AshfallDescent-2.csproj", "{1369D72D-482F-4F43-9F48-F0EABB64E16A}"
EndProject
Global
	GlobalSection(SolutionConfigurationPlatforms) = preSolution
	Debug|Any CPU = Debug|Any CPU
	ExportDebug|Any CPU = ExportDebug|Any CPU
	ExportRelease|Any CPU = ExportRelease|Any CPU
	EndGlobalSection
	GlobalSection(ProjectConfigurationPlatforms) = postSolution
		{1369D72D-482F-4F43-9F48-F0EABB64E16A}.Debug|Any CPU.ActiveCfg = Debug|Any CPU
		{1369D72D-482F-4F43-9F48-F0EABB64E16A}.Debug|Any CPU.Build.0 = Debug|Any CPU
		{1369D72D-482F-4F43-9F48-F0EABB64E16A}.ExportDebug|Any CPU.ActiveCfg = ExportDebug|Any CPU
		{1369D72D-482F-4F43-9F48-F0EABB64E16A}.ExportDebug|Any CPU.Build.0 = ExportDebug|Any CPU
		{1369D72D-482F-4F43-9F48-F0EABB64E16A}.ExportRelease|Any CPU.ActiveCfg = ExportRelease|Any CPU
		{1369D72D-482F-4F43-9F48-F0EABB64E16A}.ExportRelease|Any CPU.Build.0 = ExportRelease|Any CPU
	EndGlobalSection
EndGlobal
